<?xml version="1.0" encoding="utf-8"?>
<Project ToolsVersion="4.0" xmlns="http://schemas.microsoft.com/developer/msbuild/2003">
  <ItemGroup>
    <Filter Include="Source Files">
      <UniqueIdentifier>{9d00cc61-b9ad-4351-83ea-600e5f1955a9}</UniqueIdentifier>
    </Filter>
    <Filter Include="Generated Files">
      <UniqueIdentifier>{9dbd6014-1fc3-4a50-ac19-e68dd602edda}</UniqueIdentifier>
      <SourceControlFiles>False</SourceControlFiles>
    </Filter>
  </ItemGroup>
  <ItemGroup>
    <None Include="FolderSyncps.def" />
  </ItemGroup>
  <ItemGroup>
    <ClCompile Include="FolderSync_i.c">
      <Filter>Generated Files</Filter>
    </ClCompile>
    <ClCompile Include="FolderSync_p.c">
      <Filter>Generated Files</Filter>
    </ClCompile>
    <ClCompile Include="dlldata.c">
      <Filter>Generated Files</Filter>
    </ClCompile>
  </ItemGroup>
</Project>